PODS:
  - FlutterMacOS (1.0.0)
  - melon_layout (0.0.1):
    - FlutterMacOS

DEPENDENCIES:
  - FlutterMacOS (from `Flutter/ephemeral`)
  - melon_layout (from `Flutter/ephemeral/.symlinks/plugins/melon_layout/macos`)

EXTERNAL SOURCES:
  FlutterMacOS:
    :path: Flutter/ephemeral
  melon_layout:
    :path: Flutter/ephemeral/.symlinks/plugins/melon_layout/macos

SPEC CHECKSUMS:
  FlutterMacOS: 8f6f14fa908a6fb3fba0cd85dbd81ec4b251fb24
  melon_layout: 6896390fcb9d8f68279e8e224abad25dd0930235

PODFILE CHECKSUM: 236401fc2c932af29a9fcf0e97baeeb2d750d367

COCOAPODS: 1.15.2
